// !$*UTF8*$!
{
	archiveVersion = 1;
	classes = {
	};
	objectVersion = 46;
	objects = {

/* Begin PBXBuildFile section */
		A360129B1739AA8200C32ABE /* LevelViewController.m in Sources */ = {isa = PBXBuildFile; fileRef = A360129A1739AA8200C32ABE /* LevelViewController.m */; };
		A3B1B7091733F38500694BDA /* UIKit.framework in Frameworks */ = {isa = PBXBuildFile; fileRef = A3B1B7081733F38500694BDA /* UIKit.framework */; };
		A3B1B70B1733F38500694BDA /* Foundation.framework in Frameworks */ = {isa = PBXBuildFile; fileRef = A3B1B70A1733F38500694BDA /* Foundation.framework */; };
		A3B1B70D1733F38500694BDA /* CoreGraphics.framework in Frameworks */ = {isa = PBXBuildFile; fileRef = A3B1B70C1733F38500694BDA /* CoreGraphics.framework */; };
		A3B1B7131733F38500694BDA /* InfoPlist.strings in Resources */ = {isa = PBXBuildFile; fileRef = A3B1B7111733F38500694BDA /* InfoPlist.strings */; };
		A3B1B7151733F38500694BDA /* main.m in Sources */ = {isa = PBXBuildFile; fileRef = A3B1B7141733F38500694BDA /* main.m */; };
		A3B1B7191733F38500694BDA /* AppDelegate.m in Sources */ = {isa = PBXBuildFile; fileRef = A3B1B7181733F38500694BDA /* AppDelegate.m */; };
		A3B1B71B1733F38500694BDA /* Default.png in Resources */ = {isa = PBXBuildFile; fileRef = A3B1B71A1733F38500694BDA /* Default.png */; };
		A3B1B71D1733F38500694BDA /* Default@2x.png in Resources */ = {isa = PBXBuildFile; fileRef = A3B1B71C1733F38500694BDA /* Default@2x.png */; };
		A3B1B71F1733F38500694BDA /* Default-568h@2x.png in Resources */ = {isa = PBXBuildFile; fileRef = A3B1B71E1733F38500694BDA /* Default-568h@2x.png */; };
		A3B1B7251733F38500694BDA /* GameViewController.m in Sources */ = {isa = PBXBuildFile; fileRef = A3B1B7241733F38500694BDA /* GameViewController.m */; };
		A3C17CA5173B091000472D68 /* monkey@2x.png in Resources */ = {isa = PBXBuildFile; fileRef = A3C17CA3173B090F00472D68 /* monkey@2x.png */; };
		A3C17CA6173B091000472D68 /* background@2x.png in Resources */ = {isa = PBXBuildFile; fileRef = A3C17CA4173B091000472D68 /* background@2x.png */; };
		A3C17CAE173B09C800472D68 /* stump@2x.png in Resources */ = {isa = PBXBuildFile; fileRef = A3C17CA7173B09C800472D68 /* stump@2x.png */; };
		A3C17CAF173B09C800472D68 /* monkey-blue@2x.png in Resources */ = {isa = PBXBuildFile; fileRef = A3C17CA8173B09C800472D68 /* monkey-blue@2x.png */; };
		A3C17CB0173B09C800472D68 /* monkey-green@2x.png in Resources */ = {isa = PBXBuildFile; fileRef = A3C17CA9173B09C800472D68 /* monkey-green@2x.png */; };
		A3C17CB1173B09C800472D68 /* monkey-purple@2x.png in Resources */ = {isa = PBXBuildFile; fileRef = A3C17CAA173B09C800472D68 /* monkey-purple@2x.png */; };
		A3C17CB2173B09C800472D68 /* monky-blue@2x.png in Resources */ = {isa = PBXBuildFile; fileRef = A3C17CAB173B09C800472D68 /* monky-blue@2x.png */; };
		A3C17CB3173B09C800472D68 /* monkey-red@2x.png in Resources */ = {isa = PBXBuildFile; fileRef = A3C17CAC173B09C800472D68 /* monkey-red@2x.png */; };
		A3C17CB4173B09C800472D68 /* monkey-turquoise@2x.png in Resources */ = {isa = PBXBuildFile; fileRef = A3C17CAD173B09C800472D68 /* monkey-turquoise@2x.png */; };
/* End PBXBuildFile section */

/* Begin PBXFileReference section */
		A36012991739AA8200C32ABE /* LevelViewController.h */ = {isa = PBXFileReference; fileEncoding = 4; lastKnownFileType = sourcecode.c.h; path = LevelViewController.h; sourceTree = "<group>"; };
		A360129A1739AA8200C32ABE /* LevelViewController.m */ = {isa = PBXFileReference; fileEncoding = 4; lastKnownFileType = sourcecode.c.objc; path = LevelViewController.m; sourceTree = "<group>"; };
		A3B1B7051733F38500694BDA /* HanoiPrototype.app */ = {isa = PBXFileReference; explicitFileType = wrapper.application; includeInIndex = 0; path = HanoiPrototype.app; sourceTree = BUILT_PRODUCTS_DIR; };
		A3B1B7081733F38500694BDA /* UIKit.framework */ = {isa = PBXFileReference; lastKnownFileType = wrapper.framework; name = UIKit.framework; path = System/Library/Frameworks/UIKit.framework; sourceTree = SDKROOT; };
		A3B1B70A1733F38500694BDA /* Foundation.framework */ = {isa = PBXFileReference; lastKnownFileType = wrapper.framework; name = Foundation.framework; path = System/Library/Frameworks/Foundation.framework; sourceTree = SDKROOT; };
		A3B1B70C1733F38500694BDA /* CoreGraphics.framework */ = {isa = PBXFileReference; lastKnownFileType = wrapper.framework; name = CoreGraphics.framework; path = System/Library/Frameworks/CoreGraphics.framework; sourceTree = SDKROOT; };
		A3B1B7101733F38500694BDA /* HanoiPrototype-Info.plist */ = {isa = PBXFileReference; lastKnownFileType = text.plist.xml; path = "HanoiPrototype-Info.plist"; sourceTree = "<group>"; };
		A3B1B7121733F38500694BDA /* en */ = {isa = PBXFileReference; lastKnownFileType = text.plist.strings; name = en; path = en.lproj/InfoPlist.strings; sourceTree = "<group>"; };
		A3B1B7141733F38500694BDA /* main.m */ = {isa = PBXFileReference; lastKnownFileType = sourcecode.c.objc; path = main.m; sourceTree = "<group>"; };
		A3B1B7161733F38500694BDA /* HanoiPrototype-Prefix.pch */ = {isa = PBXFileReference; lastKnownFileType = sourcecode.c.h; path = "HanoiPrototype-Prefix.pch"; sourceTree = "<group>"; };
		A3B1B7171733F38500694BDA /* AppDelegate.h */ = {isa = PBXFileReference; lastKnownFileType = sourcecode.c.h; path = AppDelegate.h; sourceTree = "<group>"; };
		A3B1B7181733F38500694BDA /* AppDelegate.m */ = {isa = PBXFileReference; lastKnownFileType = sourcecode.c.objc; path = AppDelegate.m; sourceTree = "<group>"; };
		A3B1B71A1733F38500694BDA /* Default.png */ = {isa = PBXFileReference; lastKnownFileType = image.png; path = Default.png; sourceTree = "<group>"; };
		A3B1B71C1733F38500694BDA /* Default@2x.png */ = {isa = PBXFileReference; lastKnownFileType = image.png; path = "Default@2x.png"; sourceTree = "<group>"; };
		A3B1B71E1733F38500694BDA /* Default-568h@2x.png */ = {isa = PBXFileReference; lastKnownFileType = image.png; path = "Default-568h@2x.png"; sourceTree = "<group>"; };
		A3B1B7231733F38500694BDA /* GameViewController.h */ = {isa = PBXFileReference; lastKnownFileType = sourcecode.c.h; path = GameViewController.h; sourceTree = "<group>"; };
		A3B1B7241733F38500694BDA /* GameViewController.m */ = {isa = PBXFileReference; lastKnownFileType = sourcecode.c.objc; path = GameViewController.m; sourceTree = "<group>"; };
		A3C17C941739C12100472D68 /* GameDelegate.h */ = {isa = PBXFileReference; lastKnownFileType = sourcecode.c.h; path = GameDelegate.h; sourceTree = "<group>"; };
		A3C17CA3173B090F00472D68 /* monkey@2x.png */ = {isa = PBXFileReference; lastKnownFileType = image.png; path = "monkey@2x.png"; sourceTree = "<group>"; };
		A3C17CA4173B091000472D68 /* background@2x.png */ = {isa = PBXFileReference; lastKnownFileType = image.png; path = "background@2x.png"; sourceTree = "<group>"; };
		A3C17CA7173B09C800472D68 /* stump@2x.png */ = {isa = PBXFileReference; lastKnownFileType = image.png; path = "stump@2x.png"; sourceTree = "<group>"; };
		A3C17CA8173B09C800472D68 /* monkey-blue@2x.png */ = {isa = PBXFileReference; lastKnownFileType = image.png; path = "monkey-blue@2x.png"; sourceTree = "<group>"; };
		A3C17CA9173B09C800472D68 /* monkey-green@2x.png */ = {isa = PBXFileReference; lastKnownFileType = image.png; path = "monkey-green@2x.png"; sourceTree = "<group>"; };
		A3C17CAA173B09C800472D68 /* monkey-purple@2x.png */ = {isa = PBXFileReference; lastKnownFileType = image.png; path = "monkey-purple@2x.png"; sourceTree = "<group>"; };
		A3C17CAB173B09C800472D68 /* monky-blue@2x.png */ = {isa = PBXFileReference; lastKnownFileType = image.png; path = "monky-blue@2x.png"; sourceTree = "<group>"; };
		A3C17CAC173B09C800472D68 /* monkey-red@2x.png */ = {isa = PBXFileReference; lastKnownFileType = image.png; path = "monkey-red@2x.png"; sourceTree = "<group>"; };
		A3C17CAD173B09C800472D68 /* monkey-turquoise@2x.png */ = {isa = PBXFileReference; lastKnownFileType = image.png; path = "monkey-turquoise@2x.png"; sourceTree = "<group>"; };
/* End PBXFileReference section */

/* Begin PBXFrameworksBuildPhase section */
		A3B1B7021733F38400694BDA /* Frameworks */ = {
			isa = PBXFrameworksBuildPhase;
			buildActionMask = 2147483647;
			files = (
				A3B1B7091733F38500694BDA /* UIKit.framework in Frameworks */,
				A3B1B70B1733F38500694BDA /* Foundation.framework in Frameworks */,
				A3B1B70D1733F38500694BDA /* CoreGraphics.framework in Frameworks */,
			);
			runOnlyForDeploymentPostprocessing = 0;
		};
/* End PBXFrameworksBuildPhase section */

/* Begin PBXGroup section */
		A38FBDFB1739256F0007D835 /* Resources */ = {
			isa = PBXGroup;
			children = (
				A3C17CA7173B09C800472D68 /* stump@2x.png */,
				A3C17CA8173B09C800472D68 /* monkey-blue@2x.png */,
				A3C17CA9173B09C800472D68 /* monkey-green@2x.png */,
				A3C17CAA173B09C800472D68 /* monkey-purple@2x.png */,
				A3C17CAB173B09C800472D68 /* monky-blue@2x.png */,
				A3C17CAC173B09C800472D68 /* monkey-red@2x.png */,
				A3C17CAD173B09C800472D68 /* monkey-turquoise@2x.png */,
				A3C17CA3173B090F00472D68 /* monkey@2x.png */,
				A3C17CA4173B091000472D68 /* background@2x.png */,
			);
			name = Resources;
			path = HanoiPrototype;
			sourceTree = "<group>";
		};
		A3B1B6FC1733F38400694BDA = {
			isa = PBXGroup;
			children = (
				A3B1B70F1733F38500694BDA /* Supporting Files */,
				A38FBDFB1739256F0007D835 /* Resources */,
				A3B1B70E1733F38500694BDA /* HanoiPrototype */,
				A3B1B7071733F38500694BDA /* Frameworks */,
				A3B1B7061733F38500694BDA /* Products */,
			);
			sourceTree = "<group>";
		};
		A3B1B7061733F38500694BDA /* Products */ = {
			isa = PBXGroup;
			children = (
				A3B1B7051733F38500694BDA /* HanoiPrototype.app */,
			);
			name = Products;
			sourceTree = "<group>";
		};
		A3B1B7071733F38500694BDA /* Frameworks */ = {
			isa = PBXGroup;
			children = (
				A3B1B7081733F38500694BDA /* UIKit.framework */,
				A3B1B70A1733F38500694BDA /* Foundation.framework */,
				A3B1B70C1733F38500694BDA /* CoreGraphics.framework */,
			);
			name = Frameworks;
			sourceTree = "<group>";
		};
		A3B1B70E1733F38500694BDA /* HanoiPrototype */ = {
			isa = PBXGroup;
			children = (
				A3B1B7171733F38500694BDA /* AppDelegate.h */,
				A3B1B7181733F38500694BDA /* AppDelegate.m */,
				A3B1B7231733F38500694BDA /* GameViewController.h */,
				A3B1B7241733F38500694BDA /* GameViewController.m */,
				A36012991739AA8200C32ABE /* LevelViewController.h */,
				A360129A1739AA8200C32ABE /* LevelViewController.m */,
				A3C17C941739C12100472D68 /* GameDelegate.h */,
			);
			path = HanoiPrototype;
			sourceTree = "<group>";
		};
		A3B1B70F1733F38500694BDA /* Supporting Files */ = {
			isa = PBXGroup;
			children = (
				A3B1B7101733F38500694BDA /* HanoiPrototype-Info.plist */,
				A3B1B7111733F38500694BDA /* InfoPlist.strings */,
				A3B1B7141733F38500694BDA /* main.m */,
				A3B1B7161733F38500694BDA /* HanoiPrototype-Prefix.pch */,
				A3B1B71A1733F38500694BDA /* Default.png */,
				A3B1B71C1733F38500694BDA /* Default@2x.png */,
				A3B1B71E1733F38500694BDA /* Default-568h@2x.png */,
			);
			name = "Supporting Files";
			path = HanoiPrototype;
			sourceTree = "<group>";
		};
/* End PBXGroup section */

/* Begin PBXNativeTarget section */
		A3B1B7041733F38400694BDA /* HanoiPrototype */ = {
			isa = PBXNativeTarget;
			buildConfigurationList = A3B1B7281733F38500694BDA /* Build configuration list for PBXNativeTarget "HanoiPrototype" */;
			buildPhases = (
				A3B1B7011733F38400694BDA /* Sources */,
				A3B1B7021733F38400694BDA /* Frameworks */,
				A3B1B7031733F38400694BDA /* Resources */,
			);
			buildRules = (
			);
			dependencies = (
			);
			name = HanoiPrototype;
			productName = HanoiPrototype;
			productReference = A3B1B7051733F38500694BDA /* HanoiPrototype.app */;
			productType = "com.apple.product-type.application";
		};
/* End PBXNativeTarget section */

/* Begin PBXProject section */
		A3B1B6FD1733F38400694BDA /* Project object */ = {
			isa = PBXProject;
			attributes = {
				LastUpgradeCheck = 0460;
				ORGANIZATIONNAME = "Luke Van In";
			};
			buildConfigurationList = A3B1B7001733F38400694BDA /* Build configuration list for PBXProject "HanoiPrototype" */;
			compatibilityVersion = "Xcode 3.2";
			developmentRegion = English;
			hasScannedForEncodings = 0;
			knownRegions = (
				en,
			);
			mainGroup = A3B1B6FC1733F38400694BDA;
			productRefGroup = A3B1B7061733F38500694BDA /* Products */;
			projectDirPath = "";
			projectRoot = "";
			targets = (
				A3B1B7041733F38400694BDA /* HanoiPrototype */,
			);
		};
/* End PBXProject section */

/* Begin PBXResourcesBuildPhase section */
		A3B1B7031733F38400694BDA /* Resources */ = {
			isa = PBXResourcesBuildPhase;
			buildActionMask = 2147483647;
			files = (
				A3B1B7131733F38500694BDA /* InfoPlist.strings in Resources */,
				A3B1B71B1733F38500694BDA /* Default.png in Resources */,
				A3B1B71D1733F38500694BDA /* Default@2x.png in Resources */,
				A3B1B71F1733F38500694BDA /* Default-568h@2x.png in Resources */,
				A3C17CA5173B091000472D68 /* monkey@2x.png in Resources */,
				A3C17CA6173B091000472D68 /* background@2x.png in Resources */,
				A3C17CAE173B09C800472D68 /* stump@2x.png in Resources */,
				A3C17CAF173B09C800472D68 /* monkey-blue@2x.png in Resources */,
				A3C17CB0173B09C800472D68 /* monkey-green@2x.png in Resources */,
				A3C17CB1173B09C800472D68 /* monkey-purple@2x.png in Resources */,
				A3C17CB2173B09C800472D68 /* monky-blue@2x.png in Resources */,
				A3C17CB3173B09C800472D68 /* monkey-red@2x.png in Resources */,
				A3C17CB4173B09C800472D68 /* monkey-turquoise@2x.png in Resources */,
			);
			runOnlyForDeploymentPostprocessing = 0;
		};
/* End PBXResourcesBuildPhase section */

/* Begin PBXSourcesBuildPhase section */
		A3B1B7011733F38400694BDA /* Sources */ = {
			isa = PBXSourcesBuildPhase;
			buildActionMask = 2147483647;
			files = (
				A3B1B7151733F38500694BDA /* main.m in Sources */,
				A3B1B7191733F38500694BDA /* AppDelegate.m in Sources */,
				A3B1B7251733F38500694BDA /* GameViewController.m in Sources */,
				A360129B1739AA8200C32ABE /* LevelViewController.m in Sources */,
			);
			runOnlyForDeploymentPostprocessing = 0;
		};
/* End PBXSourcesBuildPhase section */

/* Begin PBXVariantGroup section */
		A3B1B7111733F38500694BDA /* InfoPlist.strings */ = {
			isa = PBXVariantGroup;
			children = (
				A3B1B7121733F38500694BDA /* en */,
			);
			name = InfoPlist.strings;
			sourceTree = "<group>";
		};
/* End PBXVariantGroup section */

/* Begin XCBuildConfiguration section */
		A3B1B7261733F38500694BDA /* Debug */ = {
			isa = XCBuildConfiguration;
			buildSettings = {
				ALWAYS_SEARCH_USER_PATHS = NO;
				CLANG_CXX_LANGUAGE_STANDARD = "gnu++0x";
				CLANG_CXX_LIBRARY = "libc++";
				CLANG_WARN_CONSTANT_CONVERSION = YES;
				CLANG_WARN_EMPTY_BODY = YES;
				CLANG_WARN_ENUM_CONVERSION = YES;
				CLANG_WARN_INT_CONVERSION = YES;
				CLANG_WARN__DUPLICATE_METHOD_MATCH = YES;
				"CODE_SIGN_IDENTITY[sdk=iphoneos*]" = "iPhone Developer";
				COPY_PHASE_STRIP = NO;
				GCC_C_LANGUAGE_STANDARD = gnu99;
				GCC_DYNAMIC_NO_PIC = NO;
				GCC_OPTIMIZATION_LEVEL = 0;
				GCC_PREPROCESSOR_DEFINITIONS = (
					"DEBUG=1",
					"$(inherited)",
				);
				GCC_SYMBOLS_PRIVATE_EXTERN = NO;
				GCC_WARN_ABOUT_RETURN_TYPE = YES;
				GCC_WARN_UNINITIALIZED_AUTOS = YES;
				GCC_WARN_UNUSED_VARIABLE = YES;
				IPHONEOS_DEPLOYMENT_TARGET = 6.1;
				ONLY_ACTIVE_ARCH = YES;
				SDKROOT = iphoneos;
			};
			name = Debug;
		};
		A3B1B7271733F38500694BDA /* Release */ = {
			isa = XCBuildConfiguration;
			buildSettings = {
				ALWAYS_SEARCH_USER_PATHS = NO;
				CLANG_CXX_LANGUAGE_STANDARD = "gnu++0x";
				CLANG_CXX_LIBRARY = "libc++";
				CLANG_WARN_CONSTANT_CONVERSION = YES;
				CLANG_WARN_EMPTY_BODY = YES;
				CLANG_WARN_ENUM_CONVERSION = YES;
				CLANG_WARN_INT_CONVERSION = YES;
				CLANG_WARN__DUPLICATE_METHOD_MATCH = YES;
				"CODE_SIGN_IDENTITY[sdk=iphoneos*]" = "iPhone Developer";
				COPY_PHASE_STRIP = YES;
				GCC_C_LANGUAGE_STANDARD = gnu99;
				GCC_WARN_ABOUT_RETURN_TYPE = YES;
				GCC_WARN_UNINITIALIZED_AUTOS = YES;
				GCC_WARN_UNUSED_VARIABLE = YES;
				IPHONEOS_DEPLOYMENT_TARGET = 6.1;
				OTHER_CFLAGS = "-DNS_BLOCK_ASSERTIONS=1";
				SDKROOT = iphoneos;
				VALIDATE_PRODUCT = YES;
			};
			name = Release;
		};
		A3B1B7291733F38500694BDA /* Debug */ = {
			isa = XCBuildConfiguration;
			buildSettings = {
				GCC_PRECOMPILE_PREFIX_HEADER = YES;
				GCC_PREFIX_HEADER = "HanoiPrototype/HanoiPrototype-Prefix.pch";
				INFOPLIST_FILE = "HanoiPrototype/HanoiPrototype-Info.plist";
				PRODUCT_NAME = "$(TARGET_NAME)";
				WRAPPER_EXTENSION = app;
			};
			name = Debug;
		};
		A3B1B72A1733F38500694BDA /* Release */ = {
			isa = XCBuildConfiguration;
			buildSettings = {
				GCC_PRECOMPILE_PREFIX_HEADER = YES;
				GCC_PREFIX_HEADER = "HanoiPrototype/HanoiPrototype-Prefix.pch";
				INFOPLIST_FILE = "HanoiPrototype/HanoiPrototype-Info.plist";
				PRODUCT_NAME = "$(TARGET_NAME)";
				WRAPPER_EXTENSION = app;
			};
			name = Release;
		};
/* End XCBuildConfiguration section */

/* Begin XCConfigurationList section */
		A3B1B7001733F38400694BDA /* Build configuration list for PBXProject "HanoiPrototype" */ = {
			isa = XCConfigurationList;
			buildConfigurations = (
				A3B1B7261733F38500694BDA /* Debug */,
				A3B1B7271733F38500694BDA /* Release */,
			);
			defaultConfigurationIsVisible = 0;
			defaultConfigurationName = Release;
		};
		A3B1B7281733F38500694BDA /* Build configuration list for PBXNativeTarget "HanoiPrototype" */ = {
			isa = XCConfigurationList;
			buildConfigurations = (
				A3B1B7291733F38500694BDA /* Debug */,
				A3B1B72A1733F38500694BDA /* Release */,
			);
			defaultConfigurationIsVisible = 0;
			defaultConfigurationName = Release;
		};
/* End XCConfigurationList section */
	};
	rootObject = A3B1B6FD1733F38400694BDA /* Project object */;
}
